
Microsoft Visual Studio Solution File, Format Version 12.00
# Visual Studio 15
VisualStudioVersion = 15.0.27703.2047
MinimumVisualStudioVersion = 10.0.40219.1
Project("{9A19103F-16F7-4668-BE54-9A1E7A4F7556}") = "MachineCalculator", "MachineCalculator\MachineCalculator.csproj", "{20121B6B-B435-4A9C-9087-96201115F582}"
EndProject
Global
	GlobalSection(SolutionConfigurationPlatforms) = preSolution
		Debug|Any CPU = Debug|Any CPU
		Release|Any CPU = Release|Any CPU
	EndGlobalSection
	GlobalSection(ProjectConfigurationPlatforms) = postSolution
		{20121B6B-B435-4A9C-9087-96201115F582}.Debug|Any CPU.ActiveCfg = Debug|Any CPU
		{20121B6B-B435-4A9C-9087-96201115F582}.Debug|Any CPU.Build.0 = Debug|Any CPU
		{20121B6B-B435-4A9C-9087-96201115F582}.Release|Any CPU.ActiveCfg = Release|Any CPU
		{20121B6B-B435-4A9C-9087-96201115F582}.Release|Any CPU.Build.0 = Release|Any CPU
	EndGlobalSection
	GlobalSection(SolutionProperties) = preSolution
		HideSolutionNode = FALSE
	EndGlobalSection
	GlobalSection(ExtensibilityGlobals) = postSolution
		SolutionGuid = {63C4715C-7AFA-4DD1-85EF-2D99BF502125}
	EndGlobalSection
EndGlobal
